
Microsoft Visual Studio Solution File, Format Version 12.00
# Visual Studio 15
VisualStudioVersion = 15.0.28307.489
MinimumVisualStudioVersion = 10.0.40219.1
Project("{FAE04EC0-301F-11D3-BF4B-00C04F79EFBC}") = "Tests_server_app", "Tests_server_app\Tests_server_app.csproj", "{BF0546DA-8657-4180-9FFE-075930C083AE}"
EndProject
Global
	GlobalSection(SolutionConfigurationPlatforms) = preSolution
		Debug|Any CPU = Debug|Any CPU
		Release|Any CPU = Release|Any CPU
	EndGlobalSection
	GlobalSection(ProjectConfigurationPlatforms) = postSolution
		{BF0546DA-8657-4180-9FFE-075930C083AE}.Debug|Any CPU.ActiveCfg = Debug|Any CPU
		{BF0546DA-8657-4180-9FFE-075930C083AE}.Debug|Any CPU.Build.0 = Debug|Any CPU
		{BF0546DA-8657-4180-9FFE-075930C083AE}.Release|Any CPU.ActiveCfg = Release|Any CPU
		{BF0546DA-8657-4180-9FFE-075930C083AE}.Release|Any CPU.Build.0 = Release|Any CPU
	EndGlobalSection
	GlobalSection(SolutionProperties) = preSolution
		HideSolutionNode = FALSE
	EndGlobalSection
	GlobalSection(ExtensibilityGlobals) = postSolution
		SolutionGuid = {A2501893-A414-469B-A3FD-79F7ACE8748A}
	EndGlobalSection
EndGlobal
